
Microsoft Visual Studio Solution File, Format Version 12.00
# Visual Studio 15
VisualStudioVersion = 15.0.26124.0
MinimumVisualStudioVersion = 15.0.26124.0
Project("{FAE04EC0-301F-11D3-BF4B-00C04F79EFBC}") = "Domain", "Domain\Domain.csproj", "{335C7B0C-9FAA-424C-B1B6-1101F0DB6140}"
EndProject
Project("{FAE04EC0-301F-11D3-BF4B-00C04F79EFBC}") = "Application", "Application\Application.csproj", "{FB9208CF-8024-46EA-94DB-5EECA35D099E}"
EndProject
Project("{FAE04EC0-301F-11D3-BF4B-00C04F79EFBC}") = "Persistence", "Persistence\Persistence.csproj", "{C678BA75-720A-4885-A1D8-9A0D9628DB92}"
EndProject
Project("{FAE04EC0-301F-11D3-BF4B-00C04F79EFBC}") = "API", "API\API.csproj", "{BDB28079-5958-447E-A108-C3BCA84BD881}"
EndProject
Global
	GlobalSection(SolutionConfigurationPlatforms) = preSolution
		Debug|Any CPU = Debug|Any CPU
		Debug|x64 = Debug|x64
		Debug|x86 = Debug|x86
		Release|Any CPU = Release|Any CPU
		Release|x64 = Release|x64
		Release|x86 = Release|x86
	EndGlobalSection
	GlobalSection(SolutionProperties) = preSolution
		HideSolutionNode = FALSE
	EndGlobalSection
	GlobalSection(ProjectConfigurationPlatforms) = postSolution
		{335C7B0C-9FAA-424C-B1B6-1101F0DB6140}.Debug|Any CPU.ActiveCfg = Debug|Any CPU
		{335C7B0C-9FAA-424C-B1B6-1101F0DB6140}.Debug|Any CPU.Build.0 = Debug|Any CPU
		{335C7B0C-9FAA-424C-B1B6-1101F0DB6140}.Debug|x64.ActiveCfg = Debug|Any CPU
		{335C7B0C-9FAA-424C-B1B6-1101F0DB6140}.Debug|x64.Build.0 = Debug|Any CPU
		{335C7B0C-9FAA-424C-B1B6-1101F0DB6140}.Debug|x86.ActiveCfg = Debug|Any CPU
		{335C7B0C-9FAA-424C-B1B6-1101F0DB6140}.Debug|x86.Build.0 = Debug|Any CPU
		{335C7B0C-9FAA-424C-B1B6-1101F0DB6140}.Release|Any CPU.ActiveCfg = Release|Any CPU
		{335C7B0C-9FAA-424C-B1B6-1101F0DB6140}.Release|Any CPU.Build.0 = Release|Any CPU
		{335C7B0C-9FAA-424C-B1B6-1101F0DB6140}.Release|x64.ActiveCfg = Release|Any CPU
		{335C7B0C-9FAA-424C-B1B6-1101F0DB6140}.Release|x64.Build.0 = Release|Any CPU
		{335C7B0C-9FAA-424C-B1B6-1101F0DB6140}.Release|x86.ActiveCfg = Release|Any CPU
		{335C7B0C-9FAA-424C-B1B6-1101F0DB6140}.Release|x86.Build.0 = Release|Any CPU
		{FB9208CF-8024-46EA-94DB-5EECA35D099E}.Debug|Any CPU.ActiveCfg = Debug|Any CPU
		{FB9208CF-8024-46EA-94DB-5EECA35D099E}.Debug|Any CPU.Build.0 = Debug|Any CPU
		{FB9208CF-8024-46EA-94DB-5EECA35D099E}.Debug|x64.ActiveCfg = Debug|Any CPU
		{FB9208CF-8024-46EA-94DB-5EECA35D099E}.Debug|x64.Build.0 = Debug|Any CPU
		{FB9208CF-8024-46EA-94DB-5EECA35D099E}.Debug|x86.ActiveCfg = Debug|Any CPU
		{FB9208CF-8024-46EA-94DB-5EECA35D099E}.Debug|x86.Build.0 = Debug|Any CPU
		{FB9208CF-8024-46EA-94DB-5EECA35D099E}.Release|Any CPU.ActiveCfg = Release|Any CPU
		{FB9208CF-8024-46EA-94DB-5EECA35D099E}.Release|Any CPU.Build.0 = Release|Any CPU
		{FB9208CF-8024-46EA-94DB-5EECA35D099E}.Release|x64.ActiveCfg = Release|Any CPU
		{FB9208CF-8024-46EA-94DB-5EECA35D099E}.Release|x64.Build.0 = Release|Any CPU
		{FB9208CF-8024-46EA-94DB-5EECA35D099E}.Release|x86.ActiveCfg = Release|Any CPU
		{FB9208CF-8024-46EA-94DB-5EECA35D099E}.Release|x86.Build.0 = Release|Any CPU
		{C678BA75-720A-4885-A1D8-9A0D9628DB92}.Debug|Any CPU.ActiveCfg = Debug|Any CPU
		{C678BA75-720A-4885-A1D8-9A0D9628DB92}.Debug|Any CPU.Build.0 = Debug|Any CPU
		{C678BA75-720A-4885-A1D8-9A0D9628DB92}.Debug|x64.ActiveCfg = Debug|Any CPU
		{C678BA75-720A-4885-A1D8-9A0D9628DB92}.Debug|x64.Build.0 = Debug|Any CPU
		{C678BA75-720A-4885-A1D8-9A0D9628DB92}.Debug|x86.ActiveCfg = Debug|Any CPU
		{C678BA75-720A-4885-A1D8-9A0D9628DB92}.Debug|x86.Build.0 = Debug|Any CPU
		{C678BA75-720A-4885-A1D8-9A0D9628DB92}.Release|Any CPU.ActiveCfg = Release|Any CPU
		{C678BA75-720A-4885-A1D8-9A0D9628DB92}.Release|Any CPU.Build.0 = Release|Any CPU
		{C678BA75-720A-4885-A1D8-9A0D9628DB92}.Release|x64.ActiveCfg = Release|Any CPU
		{C678BA75-720A-4885-A1D8-9A0D9628DB92}.Release|x64.Build.0 = Release|Any CPU
		{C678BA75-720A-4885-A1D8-9A0D9628DB92}.Release|x86.ActiveCfg = Release|Any CPU
		{C678BA75-720A-4885-A1D8-9A0D9628DB92}.Release|x86.Build.0 = Release|Any CPU
		{BDB28079-5958-447E-A108-C3BCA84BD881}.Debug|Any CPU.ActiveCfg = Debug|Any CPU
		{BDB28079-5958-447E-A108-C3BCA84BD881}.Debug|Any CPU.Build.0 = Debug|Any CPU
		{BDB28079-5958-447E-A108-C3BCA84BD881}.Debug|x64.ActiveCfg = Debug|Any CPU
		{BDB28079-5958-447E-A108-C3BCA84BD881}.Debug|x64.Build.0 = Debug|Any CPU
		{BDB28079-5958-447E-A108-C3BCA84BD881}.Debug|x86.ActiveCfg = Debug|Any CPU
		{BDB28079-5958-447E-A108-C3BCA84BD881}.Debug|x86.Build.0 = Debug|Any CPU
		{BDB28079-5958-447E-A108-C3BCA84BD881}.Release|Any CPU.ActiveCfg = Release|Any CPU
		{BDB28079-5958-447E-A108-C3BCA84BD881}.Release|Any CPU.Build.0 = Release|Any CPU
		{BDB28079-5958-447E-A108-C3BCA84BD881}.Release|x64.ActiveCfg = Release|Any CPU
		{BDB28079-5958-447E-A108-C3BCA84BD881}.Release|x64.Build.0 = Release|Any CPU
		{BDB28079-5958-447E-A108-C3BCA84BD881}.Release|x86.ActiveCfg = Release|Any CPU
		{BDB28079-5958-447E-A108-C3BCA84BD881}.Release|x86.Build.0 = Release|Any CPU
	EndGlobalSection
EndGlobal
